speakeasyVersion: 1.784.0
sources:
    Indicia API:
        sourceNamespace: indicia-api
        sourceRevisionDigest: sha256:7e7a9fbb9298c4c80a8860c889ee25c1309763bbad41471ba5aa1538582d943d
        sourceBlobDigest: sha256:7a6f2a294321364f3981d32fd74ea5b833fae4ce840c11c9afd66ac7b5234ed2
        tags:
            - latest
            - 1.0.0
targets:
    indicia:
        source: Indicia API
        sourceNamespace: indicia-api
        sourceRevisionDigest: sha256:7e7a9fbb9298c4c80a8860c889ee25c1309763bbad41471ba5aa1538582d943d
        sourceBlobDigest: sha256:7a6f2a294321364f3981d32fd74ea5b833fae4ce840c11c9afd66ac7b5234ed2
        codeSamplesNamespace: indicia-api-typescript-code-samples
        codeSamplesRevisionDigest: sha256:8d9e807a076d85a152e276fd38403490bf0fed570f0e5ee33ff8900b09ca2a31
workflow:
    workflowVersion: 1.0.0
    speakeasyVersion: latest
    sources:
        Indicia API:
            inputs:
                - location: https://api.indicia.app/openapi
            output: .speakeasy/out.openapi.yaml
            registry:
                location: registry.speakeasyapi.dev/indicia/indicia/indicia-api
    targets:
        indicia:
            target: typescript
            source: Indicia API
            publish:
                npm:
                    token: $npm_token
            codeSamples:
                registry:
                    location: registry.speakeasyapi.dev/indicia/indicia/indicia-api-typescript-code-samples
                labelOverride:
                    fixedValue: Typescript (SDK)
                blocking: false
