speakeasyVersion: 1.785.0
sources:
    Indicia API:
        sourceNamespace: indicia-api
        sourceRevisionDigest: sha256:27c96190889e08294a4ef800eace04173193b83db6da576a898b81a6548204b7
        sourceBlobDigest: sha256:919e4f656376f0d3597933fb3c0161e9dc95bda3bcd5b18fab56ff0c8acaa74f
        tags:
            - latest
            - 1.0.0
targets:
    indicia:
        source: Indicia API
        sourceNamespace: indicia-api
        sourceRevisionDigest: sha256:27c96190889e08294a4ef800eace04173193b83db6da576a898b81a6548204b7
        sourceBlobDigest: sha256:919e4f656376f0d3597933fb3c0161e9dc95bda3bcd5b18fab56ff0c8acaa74f
        codeSamplesNamespace: indicia-api-typescript-code-samples
        codeSamplesRevisionDigest: sha256:3dc7054423df3a959bcf43c1bb16206356544e0683d1d08c508be4ab6dba73bf
workflow:
    workflowVersion: 1.0.0
    speakeasyVersion: latest
    sources:
        Indicia API:
            inputs:
                - location: https://api.indicia.app/openapi
            output: .speakeasy/out.openapi.yaml
            registry:
                location: registry.speakeasyapi.dev/indicia/indicia/indicia-api
    targets:
        indicia:
            target: typescript
            source: Indicia API
            publish:
                npm:
                    token: $npm_token
            codeSamples:
                registry:
                    location: registry.speakeasyapi.dev/indicia/indicia/indicia-api-typescript-code-samples
                labelOverride:
                    fixedValue: Typescript (SDK)
                blocking: false
